
Microsoft Visual Studio Solution File, Format Version 12.00
# Visual Studio Version 17
VisualStudioVersion = 17.8.34511.84
MinimumVisualStudioVersion = 10.0.40219.1
Project("{FAE04EC0-301F-11D3-BF4B-00C04F79EFBC}") = "HrMvc", "HrMvc\HrMvc.csproj", "{D2EEF082-C492-4AE1-8490-425619088029}"
EndProject
Global
	GlobalSection(SolutionConfigurationPlatforms) = preSolution
		Debug|Any CPU = Debug|Any CPU
		Release|Any CPU = Release|Any CPU
	EndGlobalSection
	GlobalSection(ProjectConfigurationPlatforms) = postSolution
		{D2EEF082-C492-4AE1-8490-425619088029}.Debug|Any CPU.ActiveCfg = Debug|Any CPU
		{D2EEF082-C492-4AE1-8490-425619088029}.Debug|Any CPU.Build.0 = Debug|Any CPU
		{D2EEF082-C492-4AE1-8490-425619088029}.Release|Any CPU.ActiveCfg = Release|Any CPU
		{D2EEF082-C492-4AE1-8490-425619088029}.Release|Any CPU.Build.0 = Release|Any CPU
	EndGlobalSection
	GlobalSection(SolutionProperties) = preSolution
		HideSolutionNode = FALSE
	EndGlobalSection
	GlobalSection(ExtensibilityGlobals) = postSolution
		SolutionGuid = {4C44CE83-023A-4859-ADD1-0ADAD7AAFCB3}
	EndGlobalSection
EndGlobal
